
Microsoft Visual Studio Solution File, Format Version 12.00
# Visual Studio Version 17
VisualStudioVersion = 17.2.32616.157
MinimumVisualStudioVersion = 10.0.40219.1
Project("{FAE04EC0-301F-11D3-BF4B-00C04F79EFBC}") = "ComposicaoDeObjetosPratica", "ComposicaoDeObjetosPratica\ComposicaoDeObjetosPratica.csproj", "{B128CD97-7C21-4EF8-B066-C99B12C646FB}"
EndProject
Global
	GlobalSection(SolutionConfigurationPlatforms) = preSolution
		Debug|Any CPU = Debug|Any CPU
		Release|Any CPU = Release|Any CPU
	EndGlobalSection
	GlobalSection(ProjectConfigurationPlatforms) = postSolution
		{B128CD97-7C21-4EF8-B066-C99B12C646FB}.Debug|Any CPU.ActiveCfg = Debug|Any CPU
		{B128CD97-7C21-4EF8-B066-C99B12C646FB}.Debug|Any CPU.Build.0 = Debug|Any CPU
		{B128CD97-7C21-4EF8-B066-C99B12C646FB}.Release|Any CPU.ActiveCfg = Release|Any CPU
		{B128CD97-7C21-4EF8-B066-C99B12C646FB}.Release|Any CPU.Build.0 = Release|Any CPU
	EndGlobalSection
	GlobalSection(SolutionProperties) = preSolution
		HideSolutionNode = FALSE
	EndGlobalSection
	GlobalSection(ExtensibilityGlobals) = postSolution
		SolutionGuid = {DD556C4F-8177-453F-B053-32212AE4F30E}
	EndGlobalSection
EndGlobal
