
Microsoft Visual Studio Solution File, Format Version 12.00
# Visual Studio Version 17
VisualStudioVersion = 17.2.32616.157
MinimumVisualStudioVersion = 10.0.40219.1
Project("{FAE04EC0-301F-11D3-BF4B-00C04F79EFBC}") = "DateTime", "DateTime\DateTime.csproj", "{99C4F3F7-0B23-4EF0-9FE8-F3F021252A62}"
EndProject
Global
	GlobalSection(SolutionConfigurationPlatforms) = preSolution
		Debug|Any CPU = Debug|Any CPU
		Release|Any CPU = Release|Any CPU
	EndGlobalSection
	GlobalSection(ProjectConfigurationPlatforms) = postSolution
		{99C4F3F7-0B23-4EF0-9FE8-F3F021252A62}.Debug|Any CPU.ActiveCfg = Debug|Any CPU
		{99C4F3F7-0B23-4EF0-9FE8-F3F021252A62}.Debug|Any CPU.Build.0 = Debug|Any CPU
		{99C4F3F7-0B23-4EF0-9FE8-F3F021252A62}.Release|Any CPU.ActiveCfg = Release|Any CPU
		{99C4F3F7-0B23-4EF0-9FE8-F3F021252A62}.Release|Any CPU.Build.0 = Release|Any CPU
	EndGlobalSection
	GlobalSection(SolutionProperties) = preSolution
		HideSolutionNode = FALSE
	EndGlobalSection
	GlobalSection(ExtensibilityGlobals) = postSolution
		SolutionGuid = {33DC25B3-A2FE-4CCF-B299-6D1A154BBF65}
	EndGlobalSection
EndGlobal
